
Microsoft Visual Studio Solution File, Format Version 12.00
# Visual Studio Version 17
VisualStudioVersion = 17.14.36623.8 d17.14
MinimumVisualStudioVersion = 10.0.40219.1
Project("{FAE04EC0-301F-11D3-BF4B-00C04F79EFBC}") = "HotelParadise_P3", "HotelParadise_P3\HotelParadise_P3.csproj", "{541498F2-C18E-4142-B499-D70B499E7B95}"
EndProject
Global
	GlobalSection(SolutionConfigurationPlatforms) = preSolution
		Debug|Any CPU = Debug|Any CPU
		Release|Any CPU = Release|Any CPU
	EndGlobalSection
	GlobalSection(ProjectConfigurationPlatforms) = postSolution
		{541498F2-C18E-4142-B499-D70B499E7B95}.Debug|Any CPU.ActiveCfg = Debug|Any CPU
		{541498F2-C18E-4142-B499-D70B499E7B95}.Debug|Any CPU.Build.0 = Debug|Any CPU
		{541498F2-C18E-4142-B499-D70B499E7B95}.Release|Any CPU.ActiveCfg = Release|Any CPU
		{541498F2-C18E-4142-B499-D70B499E7B95}.Release|Any CPU.Build.0 = Release|Any CPU
	EndGlobalSection
	GlobalSection(SolutionProperties) = preSolution
		HideSolutionNode = FALSE
	EndGlobalSection
	GlobalSection(ExtensibilityGlobals) = postSolution
		SolutionGuid = {E7371BE2-D49F-40EA-A95D-EE1A03E12F04}
	EndGlobalSection
EndGlobal
